Microsoft Visual Studio Solution File, Format Version 12.00
# Visual Studio Version 17
VisualStudioVersion = 17.5.2.0
MinimumVisualStudioVersion = 10.0.40219.1
Project("{FAE04EC0-301F-11D3-BF4B-00C04F79EFBC}") = "INTROUI", "INTROUI.csproj", "{2A9D4B13-045D-DDD5-7825-DFE61D9854F1}"
EndProject
Global
	GlobalSection(SolutionConfigurationPlatforms) = preSolution
		Debug|Any CPU = Debug|Any CPU
		Release|Any CPU = Release|Any CPU
	EndGlobalSection
	GlobalSection(ProjectConfigurationPlatforms) = postSolution
		{2A9D4B13-045D-DDD5-7825-DFE61D9854F1}.Debug|Any CPU.ActiveCfg = Debug|Any CPU
		{2A9D4B13-045D-DDD5-7825-DFE61D9854F1}.Debug|Any CPU.Build.0 = Debug|Any CPU
		{2A9D4B13-045D-DDD5-7825-DFE61D9854F1}.Release|Any CPU.ActiveCfg = Release|Any CPU
		{2A9D4B13-045D-DDD5-7825-DFE61D9854F1}.Release|Any CPU.Build.0 = Release|Any CPU
	EndGlobalSection
	GlobalSection(SolutionProperties) = preSolution
		HideSolutionNode = FALSE
	EndGlobalSection
	GlobalSection(ExtensibilityGlobals) = postSolution
		SolutionGuid = {D1417E91-D652-4904-AB0D-22EA96AFDAE0}
	EndGlobalSection
EndGlobal
